github.com/BurntSushi/toml v0.3.1/go.mod h1:xHWCNGjB5oqiDr8zfno3MHue2Ht5sIBksp03qcyfWMU=
github.com/BurntSushi/toml v1.1.0 h1:ksErzDEI1khOiGPgpwuI7x2ebx/uXQNw7xJpn9Eq1+I=
github.com/BurntSushi/toml v1.1.0/go.mod h1:CxXYINrC8qIiEnFrOxCa7Jy5BFHlXnUU2pbicEuybxQ=
github.com/DATA-DOG/go-sqlmock v1.3.3/go.mod h1:f/Ixk793poVmq4qj/V1dPUg2JEAKC73Q5eFN3EC/SaM=
github.com/clbanning/mxj v1.8.5-0.20200714211355-ff02cfb8ea28/go.mod h1:BVjHeAH+rl9rs6f+QIpeRl0tfu10SXn1pUSa5PVGJng=
github.com/d4l3k/messagediff v1.2.2-0.20190829033028-7e0a312ae40b/go.mod h1:Oozbb1TVXFac9FtSIxHBMnBCq2qeH/2KkEQxENCrlLo=
github.com/davecgh/go-spew v1.1.0/go.mod h1:J7Y8YcW2NihsgmVo/mv3lAwl/skON4iLHjSsI+c5H38=
github.com/faiface/beep v1.1.0 h1:A2gWP6xf5Rh7RG/p9/VAW2jRSDEGQm5sbOb38sf5d4c=
github.com/faiface/beep v1.1.0/go.mod h1:6I8p6kK2q4opL/eWb+kAkk38ehnTunWeToJB+s51sT4=
github.com/fatih/color v1.12.0/go.mod h1:ELkj/draVOlAH/xkhN6mQ50Qd0MPOk5AAr3maGEBuJM=
github.com/fsnotify/fsnotify v1.4.9/go.mod h1:znqG4EE+3YCdAaPaxE2ZRY/06pZUdp0tY4IgpuI1SZQ=
github.com/gdamore/encoding v1.0.0 h1:+7OoQ1Bc6eTm5niUzBa0Ctsh6JbMW6Ra+YNuAtDBdko=
github.com/gdamore/encoding v1.0.0/go.mod h1:alR0ol34c49FCSBLjhosxzcPHQbf2trDkoo5dl+VrEg=
github.com/gdamore/tcell v1.3.0/go.mod h1:Hjvr+Ofd+gLglo7RYKxxnzCBmev3BzsS67MebKS4zMM=
github.com/gdamore/tcell/v2 v2.5.0 h1:/LA5f/wqTP5mWT79czngibKVVx5wOgdFTIXPQ68fMO8=
github.com/gdamore/tcell/v2 v2.5.0/go.mod h1:wSkrPaXoiIWZqW/g7Px4xc79di6FTcpB8tvaKJ6uGBo=
github.com/go-audio/audio v1.0.0/go.mod h1:6uAu0+H2lHkwdGsAY+j2wHPNPpPoeg5AaEFh9FlA+Zs=
github.com/go-audio/riff v1.0.0/go.mod h1:l3cQwc85y79NQFCRB7TiPoNiaijp6q8Z0Uv38rVG498=
github.com/go-audio/wav v1.0.0/go.mod h1:3yoReyQOsiARkvPl3ERCi8JFjihzG6WhjYpZCf5zAWE=
github.com/go-sql-driver/mysql v1.6.0/go.mod h1:DCzpHaOWr8IXmIStZouvnhqoel9Qv2LBy8hT2VhHyBg=
github.com/gogf/gf v1.16.7 h1:lJ4NHZRAr7IBT6rm0/AuYhA4bxPq6bUDILqFxhkQ95I=
github.com/gogf/gf v1.16.7/go.mod h1:8Q/kw05nlVRp+4vv7XASBsMe9L1tsVKiGoeP2AHnlkk=
github.com/gomodule/redigo v1.8.5/go.mod h1:P9dn9mFrCBvWhGE1wpxx6fgq7BAeLBk+UUUzlpkBYO0=
github.com/google/go-cmp v0.5.6/go.mod h1:v8dTdLbMG2kIc/vJvl+f65V22dbkXbowE6jgT/gNBxE=
github.com/gorilla/websocket v1.4.2/go.mod h1:YR8l580nyteQvAITg2hZ9XVh4b55+EU/adAjf1fMHhE=
github.com/grokify/html-strip-tags-go v0.0.1/go.mod h1:2Su6romC5/1VXOQMaWL2yb618ARB8iVo6/DR99A6d78=
github.com/hajimehoshi/go-mp3 v0.3.0 h1:fTM5DXjp/DL2G74HHAs/aBGiS9Tg7wnp+jkU38bHy4g=
github.com/hajimehoshi/go-mp3 v0.3.0/go.mod h1:qMJj/CSDxx6CGHiZeCgbiq2DSUkbK0UbtXShQcnfyMM=
github.com/hajimehoshi/oto v0.6.1/go.mod h1:0QXGEkbuJRohbJaxr7ZQSxnju7hEhseiPx2hrh6raOI=
github.com/hajimehoshi/oto v0.7.1 h1:I7maFPz5MBCwiutOrz++DLdbr4rTzBsbBuV2VpgU9kk=
github.com/hajimehoshi/oto v0.7.1/go.mod h1:wovJ8WWMfFKvP587mhHgot/MBr4DnNy9m6EepeVGnos=
github.com/icza/bitio v1.0.0/go.mod h1:0jGnlLAx8MKMr9VGnn/4YrvZiprkvBelsVIbA9Jjr9A=
github.com/icza/mighty v0.0.0-20180919140131-cfd07d671de6/go.mod h1:xQig96I1VNBDIWGCdTt54nHt6EeI639SmHycLYL7FkA=
github.com/jfreymuth/oggvorbis v1.0.1/go.mod h1:NqS+K+UXKje0FUYUPosyQ+XTVvjmVjps1aEZH1sumIk=
github.com/jfreymuth/vorbis v1.0.0/go.mod h1:8zy3lUAm9K/rJJk223RKy6vjCZTWC61NA2QD06bfOE0=
github.com/lucasb-eyer/go-colorful v1.0.2/go.mod h1:0MS4r+7BZKSJ5mw4/S5MPN+qHFF1fYclkSPilDOKW0s=
github.com/lucasb-eyer/go-colorful v1.2.0 h1:1nnpGOrhyZZuNyfu1QjKiUICQ74+3FNCN69Aj6K7nkY=
github.com/lucasb-eyer/go-colorful v1.2.0/go.mod h1:R4dSotOR9KMtayYi1e77YzuveK+i7ruzyGqttikkLy0=
github.com/mattn/go-colorable v0.1.8/go.mod h1:u6P/XSegPjTcexA+o6vUJrdnUu04hMope9wVRipJSqc=
github.com/mattn/go-isatty v0.0.12/go.mod h1:cbi8OIDigv2wuxKPP5vlRcQ1OAZbq2CE4Kysco4FUpU=
github.com/mattn/go-runewidth v0.0.4/go.mod h1:LwmH8dsx7+W8Uxz3IHJYH5QSwggIsqBzpuz5H//U1FU=
github.com/mattn/go-runewidth v0.0.9/go.mod h1:H031xJmbD/WCDINGzjvQ9THkh0rPKHF+m2gUSrubnMI=
github.com/mattn/go-runewidth v0.0.13 h1:lTGmDsbAYt5DmK6OnoV7EuIF1wEIFAcxld6ypU4OSgU=
github.com/mattn/go-runewidth v0.0.13/go.mod h1:Jdepj2loyihRzMpdS35Xk/zdY8IAYHsh153qUoGf23w=
github.com/mattn/go-sqlite3 v1.14.12 h1:TJ1bhYJPV44phC+IMu1u2K/i5RriLTPe+yc68XDJ1Z0=
github.com/mattn/go-sqlite3 v1.14.12/go.mod h1:NyWgC/yNuGj7Q9rpYnZvas74GogHl5/Z4A/KQRfk6bU=
github.com/mewkiz/flac v1.0.7/go.mod h1:yU74UH277dBUpqxPouHSQIar3G1X/QIclVbFahSd1pU=
github.com/mewkiz/pkg v0.0.0-20190919212034-518ade7978e2/go.mod h1:3E2FUC/qYUfM8+r9zAwpeHJzqRVVMIYnpzD/clwWxyA=
github.com/olekukonko/tablewriter v0.0.5/go.mod h1:hPp6KlRPjbx+hW8ykQs1w3UBbZlj6HuIJcUGPhkA7kY=
github.com/pkg/errors v0.8.1/go.mod h1:bwawxfHBFNV+L2hUp1rHADufV3IMtnDRdf1r5NINEl0=
github.com/pkg/errors v0.9.1 h1:FEBLx1zS214owpjy7qsBeixbURkuhQAwrK5UwLGTwt4=
github.com/pkg/errors v0.9.1/go.mod h1:bwawxfHBFNV+L2hUp1rHADufV3IMtnDRdf1r5NINEl0=
github.com/pmezard/go-difflib v1.0.0/go.mod h1:iKH77koFhYxTK1pcRnkKkqfTogsbg7gZNVY4sRDYZ/4=
github.com/rivo/uniseg v0.2.0 h1:S1pD9weZBuJdFmowNwbpi7BJ8TNftyUImj/0WQi72jY=
github.com/rivo/uniseg v0.2.0/go.mod h1:J6wj4VEh+S6ZtnVlnTBMWIodfgj8LQOQFoIToxlJtxc=
github.com/stretchr/objx v0.1.0/go.mod h1:HFkY916IF+rwdDfMAkV7OtwuqBVzrE8GR6GFx+wExME=
github.com/stretchr/testify v1.5.1/go.mod h1:5W2xD1RspED5o8YsWQXVCued0rvSQ+mT+I5cxcmMvtA=
github.com/stretchr/testify v1.7.0/go.mod h1:6Fq8oRcR53rry900zMqJjRRixrwX3KX962/h/Wwjteg=
go.opentelemetry.io/otel v1.0.0/go.mod h1:AjRVh9A5/5DE7S+mZtTR6t8vpKKryam+0lREnfmS4cg=
go.opentelemetry.io/otel/trace v1.0.0/go.mod h1:PXTWqayeFUlJV1YDNhsJYB184+IvAH814St6o6ajzIs=
golang.org/x/exp v0.0.0-20190306152737-a1d7652674e8 h1:idBdZTd9UioThJp8KpM/rTSinK/ChZFBE43/WtIy8zg=
golang.org/x/exp v0.0.0-20190306152737-a1d7652674e8/go.mod h1:CJ0aWSM057203Lf6IL+f9T1iT9GByDxfZKAQTCR3kQA=
golang.org/x/image v0.0.0-20190220214146-31aff87c08e9/go.mod h1:kZ7UVZpmo3dzQBMxlp+ypCbDeSB+sBbTgSJuh5dn5js=
golang.org/x/image v0.0.0-20190227222117-0694c2d4d067 h1:KYGJGHOQy8oSi1fDlSpcZF0+juKwk/hEMv5SiwHogR0=
golang.org/x/image v0.0.0-20190227222117-0694c2d4d067/go.mod h1:kZ7UVZpmo3dzQBMxlp+ypCbDeSB+sBbTgSJuh5dn5js=
golang.org/x/mobile v0.0.0-20190415191353-3e0bab5405d6 h1:vyLBGJPIl9ZYbcQFM2USFmJBK6KI+t+z6jL0lbwjrnc=
golang.org/x/mobile v0.0.0-20190415191353-3e0bab5405d6/go.mod h1:E/iHnbuqvinMTCcRqshq8CkpyQDoeVncDDYHnLhea+o=
golang.org/x/net v0.0.0-20190213061140-3a22650c66bd/go.mod h1:mL1N/T3taQHkDXs73rZJwtUhF3w3ftmwwsq0BUmARs4=
golang.org/x/net v0.0.0-20210520170846-37e1c6afe023/go.mod h1:9nx3DQGgdP8bBQD5qxJ1jj9UTztislL4KSBs9R2vV5Y=
golang.org/x/sys v0.0.0-20190312061237-fead79001313/go.mod h1:h1NjWce9XRLGQEsW7wpKNCjG9DtNlClVuFLEZdDNbEs=
golang.org/x/sys v0.0.0-20190429190828-d89cdac9e872/go.mod h1:h1NjWce9XRLGQEsW7wpKNCjG9DtNlClVuFLEZdDNbEs=
golang.org/x/sys v0.0.0-20190626150813-e07cf5db2756/go.mod h1:h1NjWce9XRLGQEsW7wpKNCjG9DtNlClVuFLEZdDNbEs=
golang.org/x/sys v0.0.0-20191005200804-aed5e4c7ecf9/go.mod h1:h1NjWce9XRLGQEsW7wpKNCjG9DtNlClVuFLEZdDNbEs=
golang.org/x/sys v0.0.0-20200116001909-b77594299b42/go.mod h1:h1NjWce9XRLGQEsW7wpKNCjG9DtNlClVuFLEZdDNbEs=
golang.org/x/sys v0.0.0-20200223170610-d5e6a3e2c0ae/go.mod h1:h1NjWce9XRLGQEsW7wpKNCjG9DtNlClVuFLEZdDNbEs=
golang.org/x/sys v0.0.0-20201119102817-f84b799fce68/go.mod h1:h1NjWce9XRLGQEsW7wpKNCjG9DtNlClVuFLEZdDNbEs=
golang.org/x/sys v0.0.0-20210423082822-04245dca01da/go.mod h1:h1NjWce9XRLGQEsW7wpKNCjG9DtNlClVuFLEZdDNbEs=
golang.org/x/sys v0.0.0-20220318055525-2edf467146b5 h1:saXMvIOKvRFwbOMicHXr0B1uwoxq9dGmLe5ExMES6c4=
golang.org/x/sys v0.0.0-20220318055525-2edf467146b5/go.mod h1:oPkhp1MJrh7nUepCBck5+mAzfO9JrbApNNgaTdGDITg=
golang.org/x/term v0.0.0-20201126162022-7de9c90e9dd1/go.mod h1:bj7SfCRtBDWHUb9snDiAeCFNEtKQo2Wmx5Cou7ajbmo=
golang.org/x/term v0.0.0-20201210144234-2321bbc49cbf h1:MZ2shdL+ZM/XzY3ZGOnh4Nlpnxz5GSOhOmtHo3iPU6M=
golang.org/x/term v0.0.0-20201210144234-2321bbc49cbf/go.mod h1:bj7SfCRtBDWHUb9snDiAeCFNEtKQo2Wmx5Cou7ajbmo=
golang.org/x/text v0.3.0/go.mod h1:NqM8EUOU14njkJ3fqMW+pc6Ldnwhi/IjpwHt7yyuwOQ=
golang.org/x/text v0.3.6/go.mod h1:5Zoc/QRtKVWzQhOtBMvqHzDpF6irO9z98xDceosuGiQ=
golang.org/x/text v0.3.7 h1:olpwvP2KacW1ZWvsR7uQhoyTYvKAupfQrRGBFM352Gk=
golang.org/x/text v0.3.7/go.mod h1:u+2+/6zg+i71rQMx5EYifcz6MCKuco9NR6JIITiCfzQ=
golang.org/x/tools v0.0.0-20180917221912-90fa682c2a6e/go.mod h1:n7NCudcB/nEzxVGmLbDWY5pfWTLqBcC2KZ6jyYvM4mQ=
golang.org/x/xerrors v0.0.0-20191204190536-9bdfabe68543/go.mod h1:I/5z698sn9Ka8TeJc9MKroUUfqBBauWjQqLJ2OPfmY0=
gopkg.in/check.v1 v0.0.0-20161208181325-20d25e280405/go.mod h1:Co6ibVJAznAaIkqp8huTwlJQCZ016jof/cbN4VW5Yz0=
gopkg.in/yaml.v2 v2.2.2/go.mod h1:hI93XBmqTisBFMUTm0b8Fm+jr3Dg1NNxqwp+5A1VGuI=
gopkg.in/yaml.v3 v3.0.0-20200313102051-9f266ea9e77c/go.mod h1:K4uyk7z7BCEPqu6E+C64Yfv1cQ7kz7rIZviUmN+EgEM=
gopkg.in/yaml.v3 v3.0.0-20210107192922-496545a6307b/go.mod h1:K4uyk7z7BCEPqu6E+C64Yfv1cQ7kz7rIZviUmN+EgEM=
